
Microsoft Visual Studio Solution File, Format Version 12.00
# Visual Studio 15
VisualStudioVersion = 15.0.27004.2009
MinimumVisualStudioVersion = 10.0.40219.1
Project("{9A19103F-16F7-4668-BE54-9A1E7A4F7556}") = "WebApiDI", "WebApiDI\WebApiDI.csproj", "{205C9763-68D1-4F39-BC15-33A3CAFE90F8}"
EndProject
Project("{FAE04EC0-301F-11D3-BF4B-00C04F79EFBC}") = "UnitTestWebApiDi", "UnitTestWebApiDi\UnitTestWebApiDi.csproj", "{D3EB5FAE-F39E-4FAC-AD9F-14383119A748}"
EndProject
Global
	GlobalSection(SolutionConfigurationPlatforms) = preSolution
		Debug|Any CPU = Debug|Any CPU
		Release|Any CPU = Release|Any CPU
	EndGlobalSection
	GlobalSection(ProjectConfigurationPlatforms) = postSolution
		{205C9763-68D1-4F39-BC15-33A3CAFE90F8}.Debug|Any CPU.ActiveCfg = Debug|Any CPU
		{205C9763-68D1-4F39-BC15-33A3CAFE90F8}.Debug|Any CPU.Build.0 = Debug|Any CPU
		{205C9763-68D1-4F39-BC15-33A3CAFE90F8}.Release|Any CPU.ActiveCfg = Release|Any CPU
		{205C9763-68D1-4F39-BC15-33A3CAFE90F8}.Release|Any CPU.Build.0 = Release|Any CPU
		{D3EB5FAE-F39E-4FAC-AD9F-14383119A748}.Debug|Any CPU.ActiveCfg = Debug|Any CPU
		{D3EB5FAE-F39E-4FAC-AD9F-14383119A748}.Debug|Any CPU.Build.0 = Debug|Any CPU
		{D3EB5FAE-F39E-4FAC-AD9F-14383119A748}.Release|Any CPU.ActiveCfg = Release|Any CPU
		{D3EB5FAE-F39E-4FAC-AD9F-14383119A748}.Release|Any CPU.Build.0 = Release|Any CPU
	EndGlobalSection
	GlobalSection(SolutionProperties) = preSolution
		HideSolutionNode = FALSE
	EndGlobalSection
	GlobalSection(ExtensibilityGlobals) = postSolution
		SolutionGuid = {F9329ACB-8306-4087-BBB8-5FF566CEED62}
	EndGlobalSection
EndGlobal
